
Microsoft Visual Studio Solution File, Format Version 12.00
# Visual Studio Version 16
VisualStudioVersion = 16.0.30413.136
MinimumVisualStudioVersion = 10.0.40219.1
Project("{FAE04EC0-301F-11D3-BF4B-00C04F79EFBC}") = "OOP", "OOP\OOP.csproj", "{302CE3A5-F319-461A-B106-7ED4926301FA}"
EndProject
Global
	GlobalSection(SolutionConfigurationPlatforms) = preSolution
		Debug|Any CPU = Debug|Any CPU
		Release|Any CPU = Release|Any CPU
	EndGlobalSection
	GlobalSection(ProjectConfigurationPlatforms) = postSolution
		{302CE3A5-F319-461A-B106-7ED4926301FA}.Debug|Any CPU.ActiveCfg = Debug|Any CPU
		{302CE3A5-F319-461A-B106-7ED4926301FA}.Debug|Any CPU.Build.0 = Debug|Any CPU
		{302CE3A5-F319-461A-B106-7ED4926301FA}.Release|Any CPU.ActiveCfg = Release|Any CPU
		{302CE3A5-F319-461A-B106-7ED4926301FA}.Release|Any CPU.Build.0 = Release|Any CPU
	EndGlobalSection
	GlobalSection(SolutionProperties) = preSolution
		HideSolutionNode = FALSE
	EndGlobalSection
	GlobalSection(ExtensibilityGlobals) = postSolution
		SolutionGuid = {94248389-F6A2-42F1-A809-C0AAADE5DA93}
	EndGlobalSection
EndGlobal
